github.com/barelyhuman/go v0.2.2 h1:Lpk1XrlP40F3II8BibVzViZUOJ1GgDdzXUBb8ENwb0U=
github.com/barelyhuman/go v0.2.2/go.mod h1:hox2iDYZAarjpS7jKQeYIi2F+qMA8KLMtCws++L2sSY=
github.com/gorilla/mux v1.8.1 h1:TuBL49tXwgrFYWhqrNgrUNEY92u81SPhu7sTdzQEiWY=
github.com/gorilla/mux v1.8.1/go.mod h1:AKf9I4AEqPTmMytcMc0KkNouC66V3BtZ4qD5fmWSiMQ=
